// !$*UTF8*$!
{
	archiveVersion = 1;
	classes = {
	};
	objectVersion = 56;
	objects = {

/* Begin PBXBuildFile section */
		D279C7912C8E392000612B15 /* GateKeeperApp.swift in Sources */ = {isa = PBXBuildFile; fileRef = D279C7902C8E392000612B15 /* GateKeeperApp.swift */; };
		D279C7932C8E392000612B15 /* ContentView.swift in Sources */ = {isa = PBXBuildFile; fileRef = D279C7922C8E392000612B15 /* ContentView.swift */; };
		D279C7952C8E392300612B15 /* Assets.xcassets in Resources */ = {isa = PBXBuildFile; fileRef = D279C7942C8E392300612B15 /* Assets.xcassets */; };
		D279C7982C8E392300612B15 /* Preview Assets.xcassets in Resources */ = {isa = PBXBuildFile; fileRef = D279C7972C8E392300612B15 /* Preview Assets.xcassets */; };
		D279C7A22C8E392400612B15 /* GateKeeperTests.swift in Sources */ = {isa = PBXBuildFile; fileRef = D279C7A12C8E392400612B15 /* GateKeeperTests.swift */; };
		D279C7AC2C8E392400612B15 /* GateKeeperUITests.swift in Sources */ = {isa = PBXBuildFile; fileRef = D279C7AB2C8E392400612B15 /* GateKeeperUITests.swift */; };
		D279C7AE2C8E392400612B15 /* GateKeeperUITestsLaunchTests.swift in Sources */ = {isa = PBXBuildFile; fileRef = D279C7AD2C8E392400612B15 /* GateKeeperUITestsLaunchTests.swift */; };
/* End PBXBuildFile section */

/* Begin PBXContainerItemProxy section */
		D279C79E2C8E392400612B15 /* PBXContainerItemProxy */ = {
			isa = PBXContainerItemProxy;
			containerPortal = D279C7852C8E392000612B15 /* Project object */;
			proxyType = 1;
			remoteGlobalIDString = D279C78C2C8E392000612B15;
			remoteInfo = GateKeeper;
		};
		D279C7A82C8E392400612B15 /* PBXContainerItemProxy */ = {
			isa = PBXContainerItemProxy;
			containerPortal = D279C7852C8E392000612B15 /* Project object */;
			proxyType = 1;
			remoteGlobalIDString = D279C78C2C8E392000612B15;
			remoteInfo = GateKeeper;
		};
/* End PBXContainerItemProxy section */

/* Begin PBXFileReference section */
		D279C78D2C8E392000612B15 /* GateKeeper.app */ = {isa = PBXFileReference; explicitFileType = wrapper.application; includeInIndex = 0; path = GateKeeper.app; sourceTree = BUILT_PRODUCTS_DIR; };
		D279C7902C8E392000612B15 /* GateKeeperApp.swift */ = {isa = PBXFileReference; lastKnownFileType = sourcecode.swift; path = GateKeeperApp.swift; sourceTree = "<group>"; };
		D279C7922C8E392000612B15 /* ContentView.swift */ = {isa = PBXFileReference; lastKnownFileType = sourcecode.swift; path = ContentView.swift; sourceTree = "<group>"; };
		D279C7942C8E392300612B15 /* Assets.xcassets */ = {isa = PBXFileReference; lastKnownFileType = folder.assetcatalog; path = Assets.xcassets; sourceTree = "<group>"; };
		D279C7972C8E392300612B15 /* Preview Assets.xcassets */ = {isa = PBXFileReference; lastKnownFileType = folder.assetcatalog; path = "Preview Assets.xcassets"; sourceTree = "<group>"; };
		D279C79D2C8E392400612B15 /* GateKeeperTests.xctest */ = {isa = PBXFileReference; explicitFileType = wrapper.cfbundle; includeInIndex = 0; path = GateKeeperTests.xctest; sourceTree = BUILT_PRODUCTS_DIR; };
		D279C7A12C8E392400612B15 /* GateKeeperTests.swift */ = {isa = PBXFileReference; lastKnownFileType = sourcecode.swift; path = GateKeeperTests.swift; sourceTree = "<group>"; };
		D279C7A72C8E392400612B15 /* GateKeeperUITests.xctest */ = {isa = PBXFileReference; explicitFileType = wrapper.cfbundle; includeInIndex = 0; path = GateKeeperUITests.xctest; sourceTree = BUILT_PRODUCTS_DIR; };
		D279C7AB2C8E392400612B15 /* GateKeeperUITests.swift */ = {isa = PBXFileReference; lastKnownFileType = sourcecode.swift; path = GateKeeperUITests.swift; sourceTree = "<group>"; };
		D279C7AD2C8E392400612B15 /* GateKeeperUITestsLaunchTests.swift */ = {isa = PBXFileReference; lastKnownFileType = sourcecode.swift; path = GateKeeperUITestsLaunchTests.swift; sourceTree = "<group>"; };
/* End PBXFileReference section */

/* Begin PBXFrameworksBuildPhase section */
		D279C78A2C8E392000612B15 /* Frameworks */ = {
			isa = PBXFrameworksBuildPhase;
			buildActionMask = 2147483647;
			files = (
			);
			runOnlyForDeploymentPostprocessing = 0;
		};
		D279C79A2C8E392400612B15 /* Frameworks */ = {
			isa = PBXFrameworksBuildPhase;
			buildActionMask = 2147483647;
			files = (
			);
			runOnlyForDeploymentPostprocessing = 0;
		};
		D279C7A42C8E392400612B15 /* Frameworks */ = {
			isa = PBXFrameworksBuildPhase;
			buildActionMask = 2147483647;
			files = (
			);
			runOnlyForDeploymentPostprocessing = 0;
		};
/* End PBXFrameworksBuildPhase section */

/* Begin PBXGroup section */
		D279C7842C8E392000612B15 = {
			isa = PBXGroup;
			children = (
				D279C78F2C8E392000612B15 /* GateKeeper */,
				D279C7A02C8E392400612B15 /* GateKeeperTests */,
				D279C7AA2C8E392400612B15 /* GateKeeperUITests */,
				D279C78E2C8E392000612B15 /* Products */,
			);
			sourceTree = "<group>";
		};
		D279C78E2C8E392000612B15 /* Products */ = {
			isa = PBXGroup;
			children = (
				D279C78D2C8E392000612B15 /* GateKeeper.app */,
				D279C79D2C8E392400612B15 /* GateKeeperTests.xctest */,
				D279C7A72C8E392400612B15 /* GateKeeperUITests.xctest */,
			);
			name = Products;
			sourceTree = "<group>";
		};
		D279C78F2C8E392000612B15 /* GateKeeper */ = {
			isa = PBXGroup;
			children = (
				D279C7902C8E392000612B15 /* GateKeeperApp.swift */,
				D279C7922C8E392000612B15 /* ContentView.swift */,
				D279C7942C8E392300612B15 /* Assets.xcassets */,
				D279C7962C8E392300612B15 /* Preview Content */,
			);
			path = GateKeeper;
			sourceTree = "<group>";
		};
		D279C7962C8E392300612B15 /* Preview Content */ = {
			isa = PBXGroup;
			children = (
				D279C7972C8E392300612B15 /* Preview Assets.xcassets */,
			);
			path = "Preview Content";
			sourceTree = "<group>";
		};
		D279C7A02C8E392400612B15 /* GateKeeperTests */ = {
			isa = PBXGroup;
			children = (
				D279C7A12C8E392400612B15 /* GateKeeperTests.swift */,
			);
			path = GateKeeperTests;
			sourceTree = "<group>";
		};
		D279C7AA2C8E392400612B15 /* GateKeeperUITests */ = {
			isa = PBXGroup;
			children = (
				D279C7AB2C8E392400612B15 /* GateKeeperUITests.swift */,
				D279C7AD2C8E392400612B15 /* GateKeeperUITestsLaunchTests.swift */,
			);
			path = GateKeeperUITests;
			sourceTree = "<group>";
		};
/* End PBXGroup section */

/* Begin PBXNativeTarget section */
		D279C78C2C8E392000612B15 /* GateKeeper */ = {
			isa = PBXNativeTarget;
			buildConfigurationList = D279C7B12C8E392400612B15 /* Build configuration list for PBXNativeTarget "GateKeeper" */;
			buildPhases = (
				D279C7892C8E392000612B15 /* Sources */,
				D279C78A2C8E392000612B15 /* Frameworks */,
				D279C78B2C8E392000612B15 /* Resources */,
			);
			buildRules = (
			);
			dependencies = (
			);
			name = GateKeeper;
			productName = GateKeeper;
			productReference = D279C78D2C8E392000612B15 /* GateKeeper.app */;
			productType = "com.apple.product-type.application";
		};
		D279C79C2C8E392400612B15 /* GateKeeperTests */ = {
			isa = PBXNativeTarget;
			buildConfigurationList = D279C7B42C8E392400612B15 /* Build configuration list for PBXNativeTarget "GateKeeperTests" */;
			buildPhases = (
				D279C7992C8E392400612B15 /* Sources */,
				D279C79A2C8E392400612B15 /* Frameworks */,
				D279C79B2C8E392400612B15 /* Resources */,
			);
			buildRules = (
			);
			dependencies = (
				D279C79F2C8E392400612B15 /* PBXTargetDependency */,
			);
			name = GateKeeperTests;
			productName = GateKeeperTests;
			productReference = D279C79D2C8E392400612B15 /* GateKeeperTests.xctest */;
			productType = "com.apple.product-type.bundle.unit-test";
		};
		D279C7A62C8E392400612B15 /* GateKeeperUITests */ = {
			isa = PBXNativeTarget;
			buildConfigurationList = D279C7B72C8E392400612B15 /* Build configuration list for PBXNativeTarget "GateKeeperUITests" */;
			buildPhases = (
				D279C7A32C8E392400612B15 /* Sources */,
				D279C7A42C8E392400612B15 /* Frameworks */,
				D279C7A52C8E392400612B15 /* Resources */,
			);
			buildRules = (
			);
			dependencies = (
				D279C7A92C8E392400612B15 /* PBXTargetDependency */,
			);
			name = GateKeeperUITests;
			productName = GateKeeperUITests;
			productReference = D279C7A72C8E392400612B15 /* GateKeeperUITests.xctest */;
			productType = "com.apple.product-type.bundle.ui-testing";
		};
/* End PBXNativeTarget section */

/* Begin PBXProject section */
		D279C7852C8E392000612B15 /* Project object */ = {
			isa = PBXProject;
			attributes = {
				BuildIndependentTargetsInParallel = 1;
				LastSwiftUpdateCheck = 1540;
				LastUpgradeCheck = 1540;
				TargetAttributes = {
					D279C78C2C8E392000612B15 = {
						CreatedOnToolsVersion = 15.4;
					};
					D279C79C2C8E392400612B15 = {
						CreatedOnToolsVersion = 15.4;
						TestTargetID = D279C78C2C8E392000612B15;
					};
					D279C7A62C8E392400612B15 = {
						CreatedOnToolsVersion = 15.4;
						TestTargetID = D279C78C2C8E392000612B15;
					};
				};
			};
			buildConfigurationList = D279C7882C8E392000612B15 /* Build configuration list for PBXProject "GateKeeper" */;
			compatibilityVersion = "Xcode 14.0";
			developmentRegion = en;
			hasScannedForEncodings = 0;
			knownRegions = (
				en,
				Base,
			);
			mainGroup = D279C7842C8E392000612B15;
			productRefGroup = D279C78E2C8E392000612B15 /* Products */;
			projectDirPath = "";
			projectRoot = "";
			targets = (
				D279C78C2C8E392000612B15 /* GateKeeper */,
				D279C79C2C8E392400612B15 /* GateKeeperTests */,
				D279C7A62C8E392400612B15 /* GateKeeperUITests */,
			);
		};
/* End PBXProject section */

/* Begin PBXResourcesBuildPhase section */
		D279C78B2C8E392000612B15 /* Resources */ = {
			isa = PBXResourcesBuildPhase;
			buildActionMask = 2147483647;
			files = (
				D279C7982C8E392300612B15 /* Preview Assets.xcassets in Resources */,
				D279C7952C8E392300612B15 /* Assets.xcassets in Resources */,
			);
			runOnlyForDeploymentPostprocessing = 0;
		};
		D279C79B2C8E392400612B15 /* Resources */ = {
			isa = PBXResourcesBuildPhase;
			buildActionMask = 2147483647;
			files = (
			);
			runOnlyForDeploymentPostprocessing = 0;
		};
		D279C7A52C8E392400612B15 /* Resources */ = {
			isa = PBXResourcesBuildPhase;
			buildActionMask = 2147483647;
			files = (
			);
			runOnlyForDeploymentPostprocessing = 0;
		};
/* End PBXResourcesBuildPhase section */

/* Begin PBXSourcesBuildPhase section */
		D279C7892C8E392000612B15 /* Sources */ = {
			isa = PBXSourcesBuildPhase;
			buildActionMask = 2147483647;
			files = (
				D279C7932C8E392000612B15 /* ContentView.swift in Sources */,
				D279C7912C8E392000612B15 /* GateKeeperApp.swift in Sources */,
			);
			runOnlyForDeploymentPostprocessing = 0;
		};
		D279C7992C8E392400612B15 /* Sources */ = {
			isa = PBXSourcesBuildPhase;
			buildActionMask = 2147483647;
			files = (
				D279C7A22C8E392400612B15 /* GateKeeperTests.swift in Sources */,
			);
			runOnlyForDeploymentPostprocessing = 0;
		};
		D279C7A32C8E392400612B15 /* Sources */ = {
			isa = PBXSourcesBuildPhase;
			buildActionMask = 2147483647;
			files = (
				D279C7AC2C8E392400612B15 /* GateKeeperUITests.swift in Sources */,
				D279C7AE2C8E392400612B15 /* GateKeeperUITestsLaunchTests.swift in Sources */,
			);
			runOnlyForDeploymentPostprocessing = 0;
		};
/* End PBXSourcesBuildPhase section */

/* Begin PBXTargetDependency section */
		D279C79F2C8E392400612B15 /* PBXTargetDependency */ = {
			isa = PBXTargetDependency;
			target = D279C78C2C8E392000612B15 /* GateKeeper */;
			targetProxy = D279C79E2C8E392400612B15 /* PBXContainerItemProxy */;
		};
		D279C7A92C8E392400612B15 /* PBXTargetDependency */ = {
			isa = PBXTargetDependency;
			target = D279C78C2C8E392000612B15 /* GateKeeper */;
			targetProxy = D279C7A82C8E392400612B15 /* PBXContainerItemProxy */;
		};
/* End PBXTargetDependency section */

/* Begin XCBuildConfiguration section */
		D279C7AF2C8E392400612B15 /* Debug */ = {
			isa = XCBuildConfiguration;
			buildSettings = {
				ALWAYS_SEARCH_USER_PATHS = NO;
				ASSETCATALOG_COMPILER_GENERATE_SWIFT_ASSET_SYMBOL_EXTENSIONS = YES;
				CLANG_ANALYZER_NONNULL = YES;
				CLANG_ANALYZER_NUMBER_OBJECT_CONVERSION = YES_AGGRESSIVE;
				CLANG_CXX_LANGUAGE_STANDARD = "gnu++20";
				CLANG_ENABLE_MODULES = YES;
				CLANG_ENABLE_OBJC_ARC = YES;
				CLANG_ENABLE_OBJC_WEAK = YES;
				CLANG_WARN_BLOCK_CAPTURE_AUTORELEASING = YES;
				CLANG_WARN_BOOL_CONVERSION = YES;
				CLANG_WARN_COMMA = YES;
				CLANG_WARN_CONSTANT_CONVERSION = YES;
				CLANG_WARN_DEPRECATED_OBJC_IMPLEMENTATIONS = YES;
				CLANG_WARN_DIRECT_OBJC_ISA_USAGE = YES_ERROR;
				CLANG_WARN_DOCUMENTATION_COMMENTS = YES;
				CLANG_WARN_EMPTY_BODY = YES;
				CLANG_WARN_ENUM_CONVERSION = YES;
				CLANG_WARN_INFINITE_RECURSION = YES;
				CLANG_WARN_INT_CONVERSION = YES;
				CLANG_WARN_NON_LITERAL_NULL_CONVERSION = YES;
				CLANG_WARN_OBJC_IMPLICIT_RETAIN_SELF = YES;
				CLANG_WARN_OBJC_LITERAL_CONVERSION = YES;
				CLANG_WARN_OBJC_ROOT_CLASS = YES_ERROR;
				CLANG_WARN_QUOTED_INCLUDE_IN_FRAMEWORK_HEADER = YES;
				CLANG_WARN_RANGE_LOOP_ANALYSIS = YES;
				CLANG_WARN_STRICT_PROTOTYPES = YES;
				CLANG_WARN_SUSPICIOUS_MOVE = YES;
				CLANG_WARN_UNGUARDED_AVAILABILITY = YES_AGGRESSIVE;
				CLANG_WARN_UNREACHABLE_CODE = YES;
				CLANG_WARN__DUPLICATE_METHOD_MATCH = YES;
				COPY_PHASE_STRIP = NO;
				DEBUG_INFORMATION_FORMAT = dwarf;
				ENABLE_STRICT_OBJC_MSGSEND = YES;
				ENABLE_TESTABILITY = YES;
				ENABLE_USER_SCRIPT_SANDBOXING = YES;
				GCC_C_LANGUAGE_STANDARD = gnu17;
				GCC_DYNAMIC_NO_PIC = NO;
				GCC_NO_COMMON_BLOCKS = YES;
				GCC_OPTIMIZATION_LEVEL = 0;
				GCC_PREPROCESSOR_DEFINITIONS = (
					"DEBUG=1",
					"$(inherited)",
				);
				GCC_WARN_64_TO_32_BIT_CONVERSION = YES;
				GCC_WARN_ABOUT_RETURN_TYPE = YES_ERROR;
				GCC_WARN_UNDECLARED_SELECTOR = YES;
				GCC_WARN_UNINITIALIZED_AUTOS = YES_AGGRESSIVE;
				GCC_WARN_UNUSED_FUNCTION = YES;
				GCC_WARN_UNUSED_VARIABLE = YES;
				IPHONEOS_DEPLOYMENT_TARGET = 17.5;
				LOCALIZATION_PREFERS_STRING_CATALOGS = YES;
				MTL_ENABLE_DEBUG_INFO = INCLUDE_SOURCE;
				MTL_FAST_MATH = YES;
				ONLY_ACTIVE_ARCH = YES;
				SDKROOT = iphoneos;
				SWIFT_ACTIVE_COMPILATION_CONDITIONS = "DEBUG $(inherited)";
				SWIFT_OPTIMIZATION_LEVEL = "-Onone";
			};
			name = Debug;
		};
		D279C7B02C8E392400612B15 /* Release */ = {
			isa = XCBuildConfiguration;
			buildSettings = {
				ALWAYS_SEARCH_USER_PATHS = NO;
				ASSETCATALOG_COMPILER_GENERATE_SWIFT_ASSET_SYMBOL_EXTENSIONS = YES;
				CLANG_ANALYZER_NONNULL = YES;
				CLANG_ANALYZER_NUMBER_OBJECT_CONVERSION = YES_AGGRESSIVE;
				CLANG_CXX_LANGUAGE_STANDARD = "gnu++20";
				CLANG_ENABLE_MODULES = YES;
				CLANG_ENABLE_OBJC_ARC = YES;
				CLANG_ENABLE_OBJC_WEAK = YES;
				CLANG_WARN_BLOCK_CAPTURE_AUTORELEASING = YES;
				CLANG_WARN_BOOL_CONVERSION = YES;
				CLANG_WARN_COMMA = YES;
				CLANG_WARN_CONSTANT_CONVERSION = YES;
				CLANG_WARN_DEPRECATED_OBJC_IMPLEMENTATIONS = YES;
				CLANG_WARN_DIRECT_OBJC_ISA_USAGE = YES_ERROR;
				CLANG_WARN_DOCUMENTATION_COMMENTS = YES;
				CLANG_WARN_EMPTY_BODY = YES;
				CLANG_WARN_ENUM_CONVERSION = YES;
				CLANG_WARN_INFINITE_RECURSION = YES;
				CLANG_WARN_INT_CONVERSION = YES;
				CLANG_WARN_NON_LITERAL_NULL_CONVERSION = YES;
				CLANG_WARN_OBJC_IMPLICIT_RETAIN_SELF = YES;
				CLANG_WARN_OBJC_LITERAL_CONVERSION = YES;
				CLANG_WARN_OBJC_ROOT_CLASS = YES_ERROR;
				CLANG_WARN_QUOTED_INCLUDE_IN_FRAMEWORK_HEADER = YES;
				CLANG_WARN_RANGE_LOOP_ANALYSIS = YES;
				CLANG_WARN_STRICT_PROTOTYPES = YES;
				CLANG_WARN_SUSPICIOUS_MOVE = YES;
				CLANG_WARN_UNGUARDED_AVAILABILITY = YES_AGGRESSIVE;
				CLANG_WARN_UNREACHABLE_CODE = YES;
				CLANG_WARN__DUPLICATE_METHOD_MATCH = YES;
				COPY_PHASE_STRIP = NO;
				DEBUG_INFORMATION_FORMAT = "dwarf-with-dsym";
				ENABLE_NS_ASSERTIONS = NO;
				ENABLE_STRICT_OBJC_MSGSEND = YES;
				ENABLE_USER_SCRIPT_SANDBOXING = YES;
				GCC_C_LANGUAGE_STANDARD = gnu17;
				GCC_NO_COMMON_BLOCKS = YES;
				GCC_WARN_64_TO_32_BIT_CONVERSION = YES;
				GCC_WARN_ABOUT_RETURN_TYPE = YES_ERROR;
				GCC_WARN_UNDECLARED_SELECTOR = YES;
				GCC_WARN_UNINITIALIZED_AUTOS = YES_AGGRESSIVE;
				GCC_WARN_UNUSED_FUNCTION = YES;
				GCC_WARN_UNUSED_VARIABLE = YES;
				IPHONEOS_DEPLOYMENT_TARGET = 17.5;
				LOCALIZATION_PREFERS_STRING_CATALOGS = YES;
				MTL_ENABLE_DEBUG_INFO = NO;
				MTL_FAST_MATH = YES;
				SDKROOT = iphoneos;
				SWIFT_COMPILATION_MODE = wholemodule;
				VALIDATE_PRODUCT = YES;
			};
			name = Release;
		};
		D279C7B22C8E392400612B15 /* Debug */ = {
			isa = XCBuildConfiguration;
			buildSettings = {
				ASSETCATALOG_COMPILER_APPICON_NAME = AppIcon;
				ASSETCATALOG_COMPILER_GLOBAL_ACCENT_COLOR_NAME = AccentColor;
				CODE_SIGN_STYLE = Automatic;
				CURRENT_PROJECT_VERSION = 1;
				DEVELOPMENT_ASSET_PATHS = "\"GateKeeper/Preview Content\"";
				DEVELOPMENT_TEAM = TQ2HCL8BBK;
				ENABLE_PREVIEWS = YES;
				GENERATE_INFOPLIST_FILE = YES;
				INFOPLIST_KEY_UIApplicationSceneManifest_Generation = YES;
				INFOPLIST_KEY_UIApplicationSupportsIndirectInputEvents = YES;
				INFOPLIST_KEY_UILaunchScreen_Generation = YES;
				INFOPLIST_KEY_UISupportedInterfaceOrientations_iPad = "UIInterfaceOrientationPortrait UIInterfaceOrientationPortraitUpsideDown UIInterfaceOrientationLandscapeLeft UIInterfaceOrientationLandscapeRight";
				INFOPLIST_KEY_UISupportedInterfaceOrientations_iPhone = "UIInterfaceOrientationPortrait UIInterfaceOrientationLandscapeLeft UIInterfaceOrientationLandscapeRight";
				LD_RUNPATH_SEARCH_PATHS = (
					"$(inherited)",
					"@executable_path/Frameworks",
				);
				MARKETING_VERSION = 1.0;
				PRODUCT_BUNDLE_IDENTIFIER = com.siddhantsapru.GateKeeper;
				PRODUCT_NAME = "$(TARGET_NAME)";
				SWIFT_EMIT_LOC_STRINGS = YES;
				SWIFT_VERSION = 5.0;
				TARGETED_DEVICE_FAMILY = "1,2";
			};
			name = Debug;
		};
		D279C7B32C8E392400612B15 /* Release */ = {
			isa = XCBuildConfiguration;
			buildSettings = {
				ASSETCATALOG_COMPILER_APPICON_NAME = AppIcon;
				ASSETCATALOG_COMPILER_GLOBAL_ACCENT_COLOR_NAME = AccentColor;
				CODE_SIGN_STYLE = Automatic;
				CURRENT_PROJECT_VERSION = 1;
				DEVELOPMENT_ASSET_PATHS = "\"GateKeeper/Preview Content\"";
				DEVELOPMENT_TEAM = TQ2HCL8BBK;
				ENABLE_PREVIEWS = YES;
				GENERATE_INFOPLIST_FILE = YES;
				INFOPLIST_KEY_UIApplicationSceneManifest_Generation = YES;
				INFOPLIST_KEY_UIApplicationSupportsIndirectInputEvents = YES;
				INFOPLIST_KEY_UILaunchScreen_Generation = YES;
				INFOPLIST_KEY_UISupportedInterfaceOrientations_iPad = "UIInterfaceOrientationPortrait UIInterfaceOrientationPortraitUpsideDown UIInterfaceOrientationLandscapeLeft UIInterfaceOrientationLandscapeRight";
				INFOPLIST_KEY_UISupportedInterfaceOrientations_iPhone = "UIInterfaceOrientationPortrait UIInterfaceOrientationLandscapeLeft UIInterfaceOrientationLandscapeRight";
				LD_RUNPATH_SEARCH_PATHS = (
					"$(inherited)",
					"@executable_path/Frameworks",
				);
				MARKETING_VERSION = 1.0;
				PRODUCT_BUNDLE_IDENTIFIER = com.siddhantsapru.GateKeeper;
				PRODUCT_NAME = "$(TARGET_NAME)";
				SWIFT_EMIT_LOC_STRINGS = YES;
				SWIFT_VERSION = 5.0;
				TARGETED_DEVICE_FAMILY = "1,2";
			};
			name = Release;
		};
		D279C7B52C8E392400612B15 /* Debug */ = {
			isa = XCBuildConfiguration;
			buildSettings = {
				ALWAYS_EMBED_SWIFT_STANDARD_LIBRARIES = YES;
				BUNDLE_LOADER = "$(TEST_HOST)";
				CODE_SIGN_STYLE = Automatic;
				CURRENT_PROJECT_VERSION = 1;
				DEVELOPMENT_TEAM = TQ2HCL8BBK;
				GENERATE_INFOPLIST_FILE = YES;
				IPHONEOS_DEPLOYMENT_TARGET = 17.5;
				MARKETING_VERSION = 1.0;
				PRODUCT_BUNDLE_IDENTIFIER = com.siddhantsapru.GateKeeperTests;
				PRODUCT_NAME = "$(TARGET_NAME)";
				SWIFT_EMIT_LOC_STRINGS = NO;
				SWIFT_VERSION = 5.0;
				TARGETED_DEVICE_FAMILY = "1,2";
				TEST_HOST = "$(BUILT_PRODUCTS_DIR)/GateKeeper.app/$(BUNDLE_EXECUTABLE_FOLDER_PATH)/GateKeeper";
			};
			name = Debug;
		};
		D279C7B62C8E392400612B15 /* Release */ = {
			isa = XCBuildConfiguration;
			buildSettings = {
				ALWAYS_EMBED_SWIFT_STANDARD_LIBRARIES = YES;
				BUNDLE_LOADER = "$(TEST_HOST)";
				CODE_SIGN_STYLE = Automatic;
				CURRENT_PROJECT_VERSION = 1;
				DEVELOPMENT_TEAM = TQ2HCL8BBK;
				GENERATE_INFOPLIST_FILE = YES;
				IPHONEOS_DEPLOYMENT_TARGET = 17.5;
				MARKETING_VERSION = 1.0;
				PRODUCT_BUNDLE_IDENTIFIER = com.siddhantsapru.GateKeeperTests;
				PRODUCT_NAME = "$(TARGET_NAME)";
				SWIFT_EMIT_LOC_STRINGS = NO;
				SWIFT_VERSION = 5.0;
				TARGETED_DEVICE_FAMILY = "1,2";
				TEST_HOST = "$(BUILT_PRODUCTS_DIR)/GateKeeper.app/$(BUNDLE_EXECUTABLE_FOLDER_PATH)/GateKeeper";
			};
			name = Release;
		};
		D279C7B82C8E392400612B15 /* Debug */ = {
			isa = XCBuildConfiguration;
			buildSettings = {
				ALWAYS_EMBED_SWIFT_STANDARD_LIBRARIES = YES;
				CODE_SIGN_STYLE = Automatic;
				CURRENT_PROJECT_VERSION = 1;
				DEVELOPMENT_TEAM = TQ2HCL8BBK;
				GENERATE_INFOPLIST_FILE = YES;
				MARKETING_VERSION = 1.0;
				PRODUCT_BUNDLE_IDENTIFIER = com.siddhantsapru.GateKeeperUITests;
				PRODUCT_NAME = "$(TARGET_NAME)";
				SWIFT_EMIT_LOC_STRINGS = NO;
				SWIFT_VERSION = 5.0;
				TARGETED_DEVICE_FAMILY = "1,2";
				TEST_TARGET_NAME = GateKeeper;
			};
			name = Debug;
		};
		D279C7B92C8E392400612B15 /* Release */ = {
			isa = XCBuildConfiguration;
			buildSettings = {
				ALWAYS_EMBED_SWIFT_STANDARD_LIBRARIES = YES;
				CODE_SIGN_STYLE = Automatic;
				CURRENT_PROJECT_VERSION = 1;
				DEVELOPMENT_TEAM = TQ2HCL8BBK;
				GENERATE_INFOPLIST_FILE = YES;
				MARKETING_VERSION = 1.0;
				PRODUCT_BUNDLE_IDENTIFIER = com.siddhantsapru.GateKeeperUITests;
				PRODUCT_NAME = "$(TARGET_NAME)";
				SWIFT_EMIT_LOC_STRINGS = NO;
				SWIFT_VERSION = 5.0;
				TARGETED_DEVICE_FAMILY = "1,2";
				TEST_TARGET_NAME = GateKeeper;
			};
			name = Release;
		};
/* End XCBuildConfiguration section */

/* Begin XCConfigurationList section */
		D279C7882C8E392000612B15 /* Build configuration list for PBXProject "GateKeeper" */ = {
			isa = XCConfigurationList;
			buildConfigurations = (
				D279C7AF2C8E392400612B15 /* Debug */,
				D279C7B02C8E392400612B15 /* Release */,
			);
			defaultConfigurationIsVisible = 0;
			defaultConfigurationName = Release;
		};
		D279C7B12C8E392400612B15 /* Build configuration list for PBXNativeTarget "GateKeeper" */ = {
			isa = XCConfigurationList;
			buildConfigurations = (
				D279C7B22C8E392400612B15 /* Debug */,
				D279C7B32C8E392400612B15 /* Release */,
			);
			defaultConfigurationIsVisible = 0;
			defaultConfigurationName = Release;
		};
		D279C7B42C8E392400612B15 /* Build configuration list for PBXNativeTarget "GateKeeperTests" */ = {
			isa = XCConfigurationList;
			buildConfigurations = (
				D279C7B52C8E392400612B15 /* Debug */,
				D279C7B62C8E392400612B15 /* Release */,
			);
			defaultConfigurationIsVisible = 0;
			defaultConfigurationName = Release;
		};
		D279C7B72C8E392400612B15 /* Build configuration list for PBXNativeTarget "GateKeeperUITests" */ = {
			isa = XCConfigurationList;
			buildConfigurations = (
				D279C7B82C8E392400612B15 /* Debug */,
				D279C7B92C8E392400612B15 /* Release */,
			);
			defaultConfigurationIsVisible = 0;
			defaultConfigurationName = Release;
		};
/* End XCConfigurationList section */
	};
	rootObject = D279C7852C8E392000612B15 /* Project object */;
}
